
Microsoft Visual Studio Solution File, Format Version 12.00
# Visual Studio Version 17
VisualStudioVersion = 17.9.34728.123
MinimumVisualStudioVersion = 10.0.40219.1
Project("{FAE04EC0-301F-11D3-BF4B-00C04F79EFBC}") = "ExcelOpeartion", "ExcelOpeartion\ExcelOpeartion.csproj", "{C85475DA-CF48-47DE-B664-2494BE0B4B09}"
EndProject
Global
	GlobalSection(SolutionConfigurationPlatforms) = preSolution
		Debug|Any CPU = Debug|Any CPU
		Release|Any CPU = Release|Any CPU
	EndGlobalSection
	GlobalSection(ProjectConfigurationPlatforms) = postSolution
		{C85475DA-CF48-47DE-B664-2494BE0B4B09}.Debug|Any CPU.ActiveCfg = Debug|Any CPU
		{C85475DA-CF48-47DE-B664-2494BE0B4B09}.Debug|Any CPU.Build.0 = Debug|Any CPU
		{C85475DA-CF48-47DE-B664-2494BE0B4B09}.Release|Any CPU.ActiveCfg = Release|Any CPU
		{C85475DA-CF48-47DE-B664-2494BE0B4B09}.Release|Any CPU.Build.0 = Release|Any CPU
	EndGlobalSection
	GlobalSection(SolutionProperties) = preSolution
		HideSolutionNode = FALSE
	EndGlobalSection
	GlobalSection(ExtensibilityGlobals) = postSolution
		SolutionGuid = {542998EF-8431-4376-BA05-745DA16E97A5}
	EndGlobalSection
EndGlobal
